// !$*UTF8*$!
{
	archiveVersion = 1;
	classes = {
	};
	objectVersion = 46;
	objects = {

/* Begin PBXBuildFile section */
		4335BA2D18DAC91B00F13BA9 /* Foundation.framework in Frameworks */ = {isa = PBXBuildFile; fileRef = 4335BA2C18DAC91B00F13BA9 /* Foundation.framework */; };
		4335BA2F18DAC91B00F13BA9 /* CoreGraphics.framework in Frameworks */ = {isa = PBXBuildFile; fileRef = 4335BA2E18DAC91B00F13BA9 /* CoreGraphics.framework */; };
		4335BA3118DAC91B00F13BA9 /* UIKit.framework in Frameworks */ = {isa = PBXBuildFile; fileRef = 4335BA3018DAC91B00F13BA9 /* UIKit.framework */; };
		4335BA3718DAC91B00F13BA9 /* InfoPlist.strings in Resources */ = {isa = PBXBuildFile; fileRef = 4335BA3518DAC91B00F13BA9 /* InfoPlist.strings */; };
		4335BA3918DAC91B00F13BA9 /* main.m in Sources */ = {isa = PBXBuildFile; fileRef = 4335BA3818DAC91B00F13BA9 /* main.m */; };
		4335BA3D18DAC91B00F13BA9 /* AppDelegate.m in Sources */ = {isa = PBXBuildFile; fileRef = 4335BA3C18DAC91B00F13BA9 /* AppDelegate.m */; };
		4335BA4018DAC91B00F13BA9 /* Main_iPhone.storyboard in Resources */ = {isa = PBXBuildFile; fileRef = 4335BA3E18DAC91B00F13BA9 /* Main_iPhone.storyboard */; };
		4335BA4318DAC91B00F13BA9 /* Main_iPad.storyboard in Resources */ = {isa = PBXBuildFile; fileRef = 4335BA4118DAC91B00F13BA9 /* Main_iPad.storyboard */; };
		4335BA4618DAC91B00F13BA9 /* ViewController.m in Sources */ = {isa = PBXBuildFile; fileRef = 4335BA4518DAC91B00F13BA9 /* ViewController.m */; };
		4335BA4818DAC91B00F13BA9 /* Images.xcassets in Resources */ = {isa = PBXBuildFile; fileRef = 4335BA4718DAC91B00F13BA9 /* Images.xcassets */; };
		4335BA4F18DAC91B00F13BA9 /* XCTest.framework in Frameworks */ = {isa = PBXBuildFile; fileRef = 4335BA4E18DAC91B00F13BA9 /* XCTest.framework */; };
		4335BA5018DAC91C00F13BA9 /* Foundation.framework in Frameworks */ = {isa = PBXBuildFile; fileRef = 4335BA2C18DAC91B00F13BA9 /* Foundation.framework */; };
		4335BA5118DAC91C00F13BA9 /* UIKit.framework in Frameworks */ = {isa = PBXBuildFile; fileRef = 4335BA3018DAC91B00F13BA9 /* UIKit.framework */; };
		4335BA5918DAC91C00F13BA9 /* InfoPlist.strings in Resources */ = {isa = PBXBuildFile; fileRef = 4335BA5718DAC91C00F13BA9 /* InfoPlist.strings */; };
		4335BA5B18DAC91C00F13BA9 /* give_me_some_moneyTests.m in Sources */ = {isa = PBXBuildFile; fileRef = 4335BA5A18DAC91C00F13BA9 /* give_me_some_moneyTests.m */; };
		4335BA7118DAD63000F13BA9 /* libVCoreData.a in Frameworks */ = {isa = PBXBuildFile; fileRef = 4335BA6D18DAD63000F13BA9 /* libVCoreData.a */; };
		4335BA7218DAD63000F13BA9 /* libVFoundation.a in Frameworks */ = {isa = PBXBuildFile; fileRef = 4335BA6E18DAD63000F13BA9 /* libVFoundation.a */; };
		4335BA7318DAD63000F13BA9 /* libVNetwork.a in Frameworks */ = {isa = PBXBuildFile; fileRef = 4335BA6F18DAD63000F13BA9 /* libVNetwork.a */; };
		4335BA7418DAD63000F13BA9 /* libVUIKit.a in Frameworks */ = {isa = PBXBuildFile; fileRef = 4335BA7018DAD63000F13BA9 /* libVUIKit.a */; };
		435E4B3818E2C332001A177F /* UserEntity.m in Sources */ = {isa = PBXBuildFile; fileRef = 435E4B3718E2C332001A177F /* UserEntity.m */; };
		438A4BC418E50E7500D63748 /* libVViewModel.a in Frameworks */ = {isa = PBXBuildFile; fileRef = 438A4BC318E50E7500D63748 /* libVViewModel.a */; };
		438A4BEE18E5A13500D63748 /* libsqlite3.dylib in Frameworks */ = {isa = PBXBuildFile; fileRef = 438A4BED18E5A13500D63748 /* libsqlite3.dylib */; };
/* End PBXBuildFile section */

/* Begin PBXContainerItemProxy section */
		4335BA5218DAC91C00F13BA9 /* PBXContainerItemProxy */ = {
			isa = PBXContainerItemProxy;
			containerPortal = 4335BA2118DAC91B00F13BA9 /* Project object */;
			proxyType = 1;
			remoteGlobalIDString = 4335BA2818DAC91B00F13BA9;
			remoteInfo = "give me some money";
		};
/* End PBXContainerItemProxy section */

/* Begin PBXFileReference section */
		4335BA2918DAC91B00F13BA9 /* give me some money.app */ = {isa = PBXFileReference; explicitFileType = wrapper.application; includeInIndex = 0; path = "give me some money.app"; sourceTree = BUILT_PRODUCTS_DIR; };
		4335BA2C18DAC91B00F13BA9 /* Foundation.framework */ = {isa = PBXFileReference; lastKnownFileType = wrapper.framework; name = Foundation.framework; path = System/Library/Frameworks/Foundation.framework; sourceTree = SDKROOT; };
		4335BA2E18DAC91B00F13BA9 /* CoreGraphics.framework */ = {isa = PBXFileReference; lastKnownFileType = wrapper.framework; name = CoreGraphics.framework; path = System/Library/Frameworks/CoreGraphics.framework; sourceTree = SDKROOT; };
		4335BA3018DAC91B00F13BA9 /* UIKit.framework */ = {isa = PBXFileReference; lastKnownFileType = wrapper.framework; name = UIKit.framework; path = System/Library/Frameworks/UIKit.framework; sourceTree = SDKROOT; };
		4335BA3418DAC91B00F13BA9 /* give me some money-Info.plist */ = {isa = PBXFileReference; lastKnownFileType = text.plist.xml; path = "give me some money-Info.plist"; sourceTree = "<group>"; };
		4335BA3618DAC91B00F13BA9 /* en */ = {isa = PBXFileReference; lastKnownFileType = text.plist.strings; name = en; path = en.lproj/InfoPlist.strings; sourceTree = "<group>"; };
		4335BA3818DAC91B00F13BA9 /* main.m */ = {isa = PBXFileReference; lastKnownFileType = sourcecode.c.objc; path = main.m; sourceTree = "<group>"; };
		4335BA3A18DAC91B00F13BA9 /* give me some money-Prefix.pch */ = {isa = PBXFileReference; lastKnownFileType = sourcecode.c.h; path = "give me some money-Prefix.pch"; sourceTree = "<group>"; };
		4335BA3B18DAC91B00F13BA9 /* AppDelegate.h */ = {isa = PBXFileReference; lastKnownFileType = sourcecode.c.h; path = AppDelegate.h; sourceTree = "<group>"; };
		4335BA3C18DAC91B00F13BA9 /* AppDelegate.m */ = {isa = PBXFileReference; lastKnownFileType = sourcecode.c.objc; path = AppDelegate.m; sourceTree = "<group>"; };
		4335BA3F18DAC91B00F13BA9 /* Base */ = {isa = PBXFileReference; lastKnownFileType = file.storyboard; name = Base; path = Base.lproj/Main_iPhone.storyboard; sourceTree = "<group>"; };
		4335BA4218DAC91B00F13BA9 /* Base */ = {isa = PBXFileReference; lastKnownFileType = file.storyboard; name = Base; path = Base.lproj/Main_iPad.storyboard; sourceTree = "<group>"; };
		4335BA4418DAC91B00F13BA9 /* ViewController.h */ = {isa = PBXFileReference; lastKnownFileType = sourcecode.c.h; path = ViewController.h; sourceTree = "<group>"; };
		4335BA4518DAC91B00F13BA9 /* ViewController.m */ = {isa = PBXFileReference; lastKnownFileType = sourcecode.c.objc; path = ViewController.m; sourceTree = "<group>"; };
		4335BA4718DAC91B00F13BA9 /* Images.xcassets */ = {isa = PBXFileReference; lastKnownFileType = folder.assetcatalog; path = Images.xcassets; sourceTree = "<group>"; };
		4335BA4D18DAC91B00F13BA9 /* give me some moneyTests.xctest */ = {isa = PBXFileReference; explicitFileType = wrapper.cfbundle; includeInIndex = 0; path = "give me some moneyTests.xctest"; sourceTree = BUILT_PRODUCTS_DIR; };
		4335BA4E18DAC91B00F13BA9 /* XCTest.framework */ = {isa = PBXFileReference; lastKnownFileType = wrapper.framework; name = XCTest.framework; path = Library/Frameworks/XCTest.framework; sourceTree = DEVELOPER_DIR; };
		4335BA5618DAC91C00F13BA9 /* give me some moneyTests-Info.plist */ = {isa = PBXFileReference; lastKnownFileType = text.plist.xml; path = "give me some moneyTests-Info.plist"; sourceTree = "<group>"; };
		4335BA5818DAC91C00F13BA9 /* en */ = {isa = PBXFileReference; lastKnownFileType = text.plist.strings; name = en; path = en.lproj/InfoPlist.strings; sourceTree = "<group>"; };
		4335BA5A18DAC91C00F13BA9 /* give_me_some_moneyTests.m */ = {isa = PBXFileReference; lastKnownFileType = sourcecode.c.objc; path = give_me_some_moneyTests.m; sourceTree = "<group>"; };
		4335BA6D18DAD63000F13BA9 /* libVCoreData.a */ = {isa = PBXFileReference; lastKnownFileType = archive.ar; name = libVCoreData.a; path = "VCoreData/build/Debug-iphoneos/libVCoreData.a"; sourceTree = "<group>"; };
		4335BA6E18DAD63000F13BA9 /* libVFoundation.a */ = {isa = PBXFileReference; lastKnownFileType = archive.ar; name = libVFoundation.a; path = "VFoundation/build/Debug-iphoneos/libVFoundation.a"; sourceTree = "<group>"; };
		4335BA6F18DAD63000F13BA9 /* libVNetwork.a */ = {isa = PBXFileReference; lastKnownFileType = archive.ar; name = libVNetwork.a; path = "VNetwork/build/Debug-iphoneos/libVNetwork.a"; sourceTree = "<group>"; };
		4335BA7018DAD63000F13BA9 /* libVUIKit.a */ = {isa = PBXFileReference; lastKnownFileType = archive.ar; name = libVUIKit.a; path = "VUIKit/build/Debug-iphoneos/libVUIKit.a"; sourceTree = "<group>"; };
		435E4B3618E2C332001A177F /* UserEntity.h */ = {isa = PBXFileReference; fileEncoding = 4; lastKnownFileType = sourcecode.c.h; path = UserEntity.h; sourceTree = "<group>"; };
		435E4B3718E2C332001A177F /* UserEntity.m */ = {isa = PBXFileReference; fileEncoding = 4; lastKnownFileType = sourcecode.c.objc; path = UserEntity.m; sourceTree = "<group>"; };
		438A4BC318E50E7500D63748 /* libVViewModel.a */ = {isa = PBXFileReference; lastKnownFileType = archive.ar; name = libVViewModel.a; path = "VViewModel/build/Debug-iphoneos/libVViewModel.a"; sourceTree = "<group>"; };
		438A4BED18E5A13500D63748 /* libsqlite3.dylib */ = {isa = PBXFileReference; lastKnownFileType = "compiled.mach-o.dylib"; name = libsqlite3.dylib; path = usr/lib/libsqlite3.dylib; sourceTree = SDKROOT; };
		43DB08AB18E476DB002AE15E /* libc++.dylib */ = {isa = PBXFileReference; lastKnownFileType = "compiled.mach-o.dylib"; name = "libc++.dylib"; path = "usr/lib/libc++.dylib"; sourceTree = SDKROOT; };
/* End PBXFileReference section */

/* Begin PBXFrameworksBuildPhase section */
		4335BA2618DAC91B00F13BA9 /* Frameworks */ = {
			isa = PBXFrameworksBuildPhase;
			buildActionMask = 2147483647;
			files = (
				438A4BEE18E5A13500D63748 /* libsqlite3.dylib in Frameworks */,
				438A4BC418E50E7500D63748 /* libVViewModel.a in Frameworks */,
				4335BA7118DAD63000F13BA9 /* libVCoreData.a in Frameworks */,
				4335BA7218DAD63000F13BA9 /* libVFoundation.a in Frameworks */,
				4335BA7318DAD63000F13BA9 /* libVNetwork.a in Frameworks */,
				4335BA7418DAD63000F13BA9 /* libVUIKit.a in Frameworks */,
				4335BA2F18DAC91B00F13BA9 /* CoreGraphics.framework in Frameworks */,
				4335BA3118DAC91B00F13BA9 /* UIKit.framework in Frameworks */,
				4335BA2D18DAC91B00F13BA9 /* Foundation.framework in Frameworks */,
			);
			runOnlyForDeploymentPostprocessing = 0;
		};
		4335BA4A18DAC91B00F13BA9 /* Frameworks */ = {
			isa = PBXFrameworksBuildPhase;
			buildActionMask = 2147483647;
			files = (
				4335BA4F18DAC91B00F13BA9 /* XCTest.framework in Frameworks */,
				4335BA5118DAC91C00F13BA9 /* UIKit.framework in Frameworks */,
				4335BA5018DAC91C00F13BA9 /* Foundation.framework in Frameworks */,
			);
			runOnlyForDeploymentPostprocessing = 0;
		};
/* End PBXFrameworksBuildPhase section */

/* Begin PBXGroup section */
		4335BA2018DAC91B00F13BA9 = {
			isa = PBXGroup;
			children = (
				4335BA3218DAC91B00F13BA9 /* give me some money */,
				4335BA5418DAC91C00F13BA9 /* give me some moneyTests */,
				4335BA2B18DAC91B00F13BA9 /* Frameworks */,
				4335BA2A18DAC91B00F13BA9 /* Products */,
			);
			sourceTree = "<group>";
		};
		4335BA2A18DAC91B00F13BA9 /* Products */ = {
			isa = PBXGroup;
			children = (
				4335BA2918DAC91B00F13BA9 /* give me some money.app */,
				4335BA4D18DAC91B00F13BA9 /* give me some moneyTests.xctest */,
			);
			name = Products;
			sourceTree = "<group>";
		};
		4335BA2B18DAC91B00F13BA9 /* Frameworks */ = {
			isa = PBXGroup;
			children = (
				438A4BED18E5A13500D63748 /* libsqlite3.dylib */,
				438A4BC318E50E7500D63748 /* libVViewModel.a */,
				43DB08AB18E476DB002AE15E /* libc++.dylib */,
				4335BA6D18DAD63000F13BA9 /* libVCoreData.a */,
				4335BA6E18DAD63000F13BA9 /* libVFoundation.a */,
				4335BA6F18DAD63000F13BA9 /* libVNetwork.a */,
				4335BA7018DAD63000F13BA9 /* libVUIKit.a */,
				4335BA2C18DAC91B00F13BA9 /* Foundation.framework */,
				4335BA2E18DAC91B00F13BA9 /* CoreGraphics.framework */,
				4335BA3018DAC91B00F13BA9 /* UIKit.framework */,
				4335BA4E18DAC91B00F13BA9 /* XCTest.framework */,
			);
			name = Frameworks;
			sourceTree = "<group>";
		};
		4335BA3218DAC91B00F13BA9 /* give me some money */ = {
			isa = PBXGroup;
			children = (
				4335BA3B18DAC91B00F13BA9 /* AppDelegate.h */,
				4335BA3C18DAC91B00F13BA9 /* AppDelegate.m */,
				4335BA3E18DAC91B00F13BA9 /* Main_iPhone.storyboard */,
				4335BA4118DAC91B00F13BA9 /* Main_iPad.storyboard */,
				4335BA4418DAC91B00F13BA9 /* ViewController.h */,
				4335BA4518DAC91B00F13BA9 /* ViewController.m */,
				4335BA4718DAC91B00F13BA9 /* Images.xcassets */,
				4335BA3318DAC91B00F13BA9 /* Supporting Files */,
				435E4B3618E2C332001A177F /* UserEntity.h */,
				435E4B3718E2C332001A177F /* UserEntity.m */,
			);
			path = "give me some money";
			sourceTree = "<group>";
		};
		4335BA3318DAC91B00F13BA9 /* Supporting Files */ = {
			isa = PBXGroup;
			children = (
				4335BA3418DAC91B00F13BA9 /* give me some money-Info.plist */,
				4335BA3518DAC91B00F13BA9 /* InfoPlist.strings */,
				4335BA3818DAC91B00F13BA9 /* main.m */,
				4335BA3A18DAC91B00F13BA9 /* give me some money-Prefix.pch */,
			);
			name = "Supporting Files";
			sourceTree = "<group>";
		};
		4335BA5418DAC91C00F13BA9 /* give me some moneyTests */ = {
			isa = PBXGroup;
			children = (
				4335BA5A18DAC91C00F13BA9 /* give_me_some_moneyTests.m */,
				4335BA5518DAC91C00F13BA9 /* Supporting Files */,
			);
			path = "give me some moneyTests";
			sourceTree = "<group>";
		};
		4335BA5518DAC91C00F13BA9 /* Supporting Files */ = {
			isa = PBXGroup;
			children = (
				4335BA5618DAC91C00F13BA9 /* give me some moneyTests-Info.plist */,
				4335BA5718DAC91C00F13BA9 /* InfoPlist.strings */,
			);
			name = "Supporting Files";
			sourceTree = "<group>";
		};
/* End PBXGroup section */

/* Begin PBXNativeTarget section */
		4335BA2818DAC91B00F13BA9 /* give me some money */ = {
			isa = PBXNativeTarget;
			buildConfigurationList = 4335BA5E18DAC91C00F13BA9 /* Build configuration list for PBXNativeTarget "give me some money" */;
			buildPhases = (
				4335BA2518DAC91B00F13BA9 /* Sources */,
				4335BA2618DAC91B00F13BA9 /* Frameworks */,
				4335BA2718DAC91B00F13BA9 /* Resources */,
			);
			buildRules = (
			);
			dependencies = (
			);
			name = "give me some money";
			productName = "give me some money";
			productReference = 4335BA2918DAC91B00F13BA9 /* give me some money.app */;
			productType = "com.apple.product-type.application";
		};
		4335BA4C18DAC91B00F13BA9 /* give me some moneyTests */ = {
			isa = PBXNativeTarget;
			buildConfigurationList = 4335BA6118DAC91C00F13BA9 /* Build configuration list for PBXNativeTarget "give me some moneyTests" */;
			buildPhases = (
				4335BA4918DAC91B00F13BA9 /* Sources */,
				4335BA4A18DAC91B00F13BA9 /* Frameworks */,
				4335BA4B18DAC91B00F13BA9 /* Resources */,
			);
			buildRules = (
			);
			dependencies = (
				4335BA5318DAC91C00F13BA9 /* PBXTargetDependency */,
			);
			name = "give me some moneyTests";
			productName = "give me some moneyTests";
			productReference = 4335BA4D18DAC91B00F13BA9 /* give me some moneyTests.xctest */;
			productType = "com.apple.product-type.bundle.unit-test";
		};
/* End PBXNativeTarget section */

/* Begin PBXProject section */
		4335BA2118DAC91B00F13BA9 /* Project object */ = {
			isa = PBXProject;
			attributes = {
				LastUpgradeCheck = 0510;
				ORGANIZATIONNAME = SJ;
				TargetAttributes = {
					4335BA4C18DAC91B00F13BA9 = {
						TestTargetID = 4335BA2818DAC91B00F13BA9;
					};
				};
			};
			buildConfigurationList = 4335BA2418DAC91B00F13BA9 /* Build configuration list for PBXProject "give me some money" */;
			compatibilityVersion = "Xcode 3.2";
			developmentRegion = English;
			hasScannedForEncodings = 0;
			knownRegions = (
				en,
				Base,
			);
			mainGroup = 4335BA2018DAC91B00F13BA9;
			productRefGroup = 4335BA2A18DAC91B00F13BA9 /* Products */;
			projectDirPath = "";
			projectRoot = "";
			targets = (
				4335BA2818DAC91B00F13BA9 /* give me some money */,
				4335BA4C18DAC91B00F13BA9 /* give me some moneyTests */,
			);
		};
/* End PBXProject section */

/* Begin PBXResourcesBuildPhase section */
		4335BA2718DAC91B00F13BA9 /* Resources */ = {
			isa = PBXResourcesBuildPhase;
			buildActionMask = 2147483647;
			files = (
				4335BA4318DAC91B00F13BA9 /* Main_iPad.storyboard in Resources */,
				4335BA4818DAC91B00F13BA9 /* Images.xcassets in Resources */,
				4335BA4018DAC91B00F13BA9 /* Main_iPhone.storyboard in Resources */,
				4335BA3718DAC91B00F13BA9 /* InfoPlist.strings in Resources */,
			);
			runOnlyForDeploymentPostprocessing = 0;
		};
		4335BA4B18DAC91B00F13BA9 /* Resources */ = {
			isa = PBXResourcesBuildPhase;
			buildActionMask = 2147483647;
			files = (
				4335BA5918DAC91C00F13BA9 /* InfoPlist.strings in Resources */,
			);
			runOnlyForDeploymentPostprocessing = 0;
		};
/* End PBXResourcesBuildPhase section */

/* Begin PBXSourcesBuildPhase section */
		4335BA2518DAC91B00F13BA9 /* Sources */ = {
			isa = PBXSourcesBuildPhase;
			buildActionMask = 2147483647;
			files = (
				4335BA4618DAC91B00F13BA9 /* ViewController.m in Sources */,
				4335BA3D18DAC91B00F13BA9 /* AppDelegate.m in Sources */,
				4335BA3918DAC91B00F13BA9 /* main.m in Sources */,
				435E4B3818E2C332001A177F /* UserEntity.m in Sources */,
			);
			runOnlyForDeploymentPostprocessing = 0;
		};
		4335BA4918DAC91B00F13BA9 /* Sources */ = {
			isa = PBXSourcesBuildPhase;
			buildActionMask = 2147483647;
			files = (
				4335BA5B18DAC91C00F13BA9 /* give_me_some_moneyTests.m in Sources */,
			);
			runOnlyForDeploymentPostprocessing = 0;
		};
/* End PBXSourcesBuildPhase section */

/* Begin PBXTargetDependency section */
		4335BA5318DAC91C00F13BA9 /* PBXTargetDependency */ = {
			isa = PBXTargetDependency;
			target = 4335BA2818DAC91B00F13BA9 /* give me some money */;
			targetProxy = 4335BA5218DAC91C00F13BA9 /* PBXContainerItemProxy */;
		};
/* End PBXTargetDependency section */

/* Begin PBXVariantGroup section */
		4335BA3518DAC91B00F13BA9 /* InfoPlist.strings */ = {
			isa = PBXVariantGroup;
			children = (
				4335BA3618DAC91B00F13BA9 /* en */,
			);
			name = InfoPlist.strings;
			sourceTree = "<group>";
		};
		4335BA3E18DAC91B00F13BA9 /* Main_iPhone.storyboard */ = {
			isa = PBXVariantGroup;
			children = (
				4335BA3F18DAC91B00F13BA9 /* Base */,
			);
			name = Main_iPhone.storyboard;
			sourceTree = "<group>";
		};
		4335BA4118DAC91B00F13BA9 /* Main_iPad.storyboard */ = {
			isa = PBXVariantGroup;
			children = (
				4335BA4218DAC91B00F13BA9 /* Base */,
			);
			name = Main_iPad.storyboard;
			sourceTree = "<group>";
		};
		4335BA5718DAC91C00F13BA9 /* InfoPlist.strings */ = {
			isa = PBXVariantGroup;
			children = (
				4335BA5818DAC91C00F13BA9 /* en */,
			);
			name = InfoPlist.strings;
			sourceTree = "<group>";
		};
/* End PBXVariantGroup section */

/* Begin XCBuildConfiguration section */
		4335BA5C18DAC91C00F13BA9 /* Debug */ = {
			isa = XCBuildConfiguration;
			buildSettings = {
				ALWAYS_SEARCH_USER_PATHS = NO;
				ARCHS = "$(ARCHS_STANDARD_INCLUDING_64_BIT)";
				CLANG_CXX_LANGUAGE_STANDARD = "gnu++0x";
				CLANG_CXX_LIBRARY = "libc++";
				CLANG_ENABLE_MODULES = YES;
				CLANG_ENABLE_OBJC_ARC = YES;
				CLANG_WARN_BOOL_CONVERSION = YES;
				CLANG_WARN_CONSTANT_CONVERSION = YES;
				CLANG_WARN_DIRECT_OBJC_ISA_USAGE = YES_ERROR;
				CLANG_WARN_EMPTY_BODY = YES;
				CLANG_WARN_ENUM_CONVERSION = YES;
				CLANG_WARN_INT_CONVERSION = YES;
				CLANG_WARN_OBJC_ROOT_CLASS = YES_ERROR;
				CLANG_WARN__DUPLICATE_METHOD_MATCH = YES;
				"CODE_SIGN_IDENTITY[sdk=iphoneos*]" = "iPhone Developer";
				COPY_PHASE_STRIP = NO;
				GCC_C_LANGUAGE_STANDARD = gnu99;
				GCC_DYNAMIC_NO_PIC = NO;
				GCC_OPTIMIZATION_LEVEL = 0;
				GCC_PREPROCESSOR_DEFINITIONS = (
					"DEBUG=1",
					"$(inherited)",
				);
				GCC_SYMBOLS_PRIVATE_EXTERN = NO;
				GCC_WARN_64_TO_32_BIT_CONVERSION = YES;
				GCC_WARN_ABOUT_RETURN_TYPE = YES_ERROR;
				GCC_WARN_UNDECLARED_SELECTOR = YES;
				GCC_WARN_UNINITIALIZED_AUTOS = YES_AGGRESSIVE;
				GCC_WARN_UNUSED_FUNCTION = YES;
				GCC_WARN_UNUSED_VARIABLE = YES;
				IPHONEOS_DEPLOYMENT_TARGET = 5.0;
				ONLY_ACTIVE_ARCH = YES;
				OTHER_LDFLAGS = "-all_load";
				SDKROOT = iphoneos;
				TARGETED_DEVICE_FAMILY = "1,2";
				USER_HEADER_SEARCH_PATHS = "$(SRCROOT)/VFoundation/VFoundation/** $(SRCROOT)/VCoreData/VCoreData/** $(SRCROOT)/VUIKit/VUIKit/** $(SRCROOT)/VNetwork/VNetwork/** $(SRCROOT)/VViewModel/VViewModel/**";
			};
			name = Debug;
		};
		4335BA5D18DAC91C00F13BA9 /* Release */ = {
			isa = XCBuildConfiguration;
			buildSettings = {
				ALWAYS_SEARCH_USER_PATHS = NO;
				ARCHS = "$(ARCHS_STANDARD_INCLUDING_64_BIT)";
				CLANG_CXX_LANGUAGE_STANDARD = "gnu++0x";
				CLANG_CXX_LIBRARY = "libc++";
				CLANG_ENABLE_MODULES = YES;
				CLANG_ENABLE_OBJC_ARC = YES;
				CLANG_WARN_BOOL_CONVERSION = YES;
				CLANG_WARN_CONSTANT_CONVERSION = YES;
				CLANG_WARN_DIRECT_OBJC_ISA_USAGE = YES_ERROR;
				CLANG_WARN_EMPTY_BODY = YES;
				CLANG_WARN_ENUM_CONVERSION = YES;
				CLANG_WARN_INT_CONVERSION = YES;
				CLANG_WARN_OBJC_ROOT_CLASS = YES_ERROR;
				CLANG_WARN__DUPLICATE_METHOD_MATCH = YES;
				"CODE_SIGN_IDENTITY[sdk=iphoneos*]" = "iPhone Developer";
				COPY_PHASE_STRIP = YES;
				ENABLE_NS_ASSERTIONS = NO;
				GCC_C_LANGUAGE_STANDARD = gnu99;
				GCC_WARN_64_TO_32_BIT_CONVERSION = YES;
				GCC_WARN_ABOUT_RETURN_TYPE = YES_ERROR;
				GCC_WARN_UNDECLARED_SELECTOR = YES;
				GCC_WARN_UNINITIALIZED_AUTOS = YES_AGGRESSIVE;
				GCC_WARN_UNUSED_FUNCTION = YES;
				GCC_WARN_UNUSED_VARIABLE = YES;
				IPHONEOS_DEPLOYMENT_TARGET = 5.0;
				OTHER_LDFLAGS = "-all_load";
				SDKROOT = iphoneos;
				TARGETED_DEVICE_FAMILY = "1,2";
				USER_HEADER_SEARCH_PATHS = "$(SRCROOT)/VFoundation/VFoundation/** $(SRCROOT)/VCoreData/VCoreData/** $(SRCROOT)/VUIKit/VUIKit/** $(SRCROOT)/VNetwork/VNetwork/** $(SRCROOT)/VViewModel/VViewModel/**";
				VALIDATE_PRODUCT = YES;
			};
			name = Release;
		};
		4335BA5F18DAC91C00F13BA9 /* Debug */ = {
			isa = XCBuildConfiguration;
			buildSettings = {
				ASSETCATALOG_COMPILER_APPICON_NAME = AppIcon;
				ASSETCATALOG_COMPILER_LAUNCHIMAGE_NAME = LaunchImage;
				GCC_PRECOMPILE_PREFIX_HEADER = YES;
				GCC_PREFIX_HEADER = "give me some money/give me some money-Prefix.pch";
				INFOPLIST_FILE = "give me some money/give me some money-Info.plist";
				LIBRARY_SEARCH_PATHS = (
					"$(inherited)",
					"$(PROJECT_DIR)/VCoreData/build/Debug-iphoneos",
					"$(PROJECT_DIR)/VFoundation/build/Debug-iphoneos",
					"$(PROJECT_DIR)/VNetwork/build/Debug-iphoneos",
					"$(PROJECT_DIR)/VUIKit/build/Debug-iphoneos",
					"$(PROJECT_DIR)/VViewModel/build/Debug-iphoneos",
				);
				OTHER_LDFLAGS = "-all_load";
				PRODUCT_NAME = "$(TARGET_NAME)";
				WRAPPER_EXTENSION = app;
			};
			name = Debug;
		};
		4335BA6018DAC91C00F13BA9 /* Release */ = {
			isa = XCBuildConfiguration;
			buildSettings = {
				ASSETCATALOG_COMPILER_APPICON_NAME = AppIcon;
				ASSETCATALOG_COMPILER_LAUNCHIMAGE_NAME = LaunchImage;
				GCC_PRECOMPILE_PREFIX_HEADER = YES;
				GCC_PREFIX_HEADER = "give me some money/give me some money-Prefix.pch";
				INFOPLIST_FILE = "give me some money/give me some money-Info.plist";
				LIBRARY_SEARCH_PATHS = (
					"$(inherited)",
					"$(PROJECT_DIR)/VCoreData/build/Debug-iphoneos",
					"$(PROJECT_DIR)/VFoundation/build/Debug-iphoneos",
					"$(PROJECT_DIR)/VNetwork/build/Debug-iphoneos",
					"$(PROJECT_DIR)/VUIKit/build/Debug-iphoneos",
					"$(PROJECT_DIR)/VViewModel/build/Debug-iphoneos",
				);
				OTHER_LDFLAGS = "-all_load";
				PRODUCT_NAME = "$(TARGET_NAME)";
				WRAPPER_EXTENSION = app;
			};
			name = Release;
		};
		4335BA6218DAC91C00F13BA9 /* Debug */ = {
			isa = XCBuildConfiguration;
			buildSettings = {
				ARCHS = "$(ARCHS_STANDARD_INCLUDING_64_BIT)";
				BUNDLE_LOADER = "$(BUILT_PRODUCTS_DIR)/give me some money.app/give me some money";
				FRAMEWORK_SEARCH_PATHS = (
					"$(SDKROOT)/Developer/Library/Frameworks",
					"$(inherited)",
					"$(DEVELOPER_FRAMEWORKS_DIR)",
				);
				GCC_PRECOMPILE_PREFIX_HEADER = YES;
				GCC_PREFIX_HEADER = "give me some money/give me some money-Prefix.pch";
				GCC_PREPROCESSOR_DEFINITIONS = (
					"DEBUG=1",
					"$(inherited)",
				);
				INFOPLIST_FILE = "give me some moneyTests/give me some moneyTests-Info.plist";
				PRODUCT_NAME = "$(TARGET_NAME)";
				TEST_HOST = "$(BUNDLE_LOADER)";
				WRAPPER_EXTENSION = xctest;
			};
			name = Debug;
		};
		4335BA6318DAC91C00F13BA9 /* Release */ = {
			isa = XCBuildConfiguration;
			buildSettings = {
				ARCHS = "$(ARCHS_STANDARD_INCLUDING_64_BIT)";
				BUNDLE_LOADER = "$(BUILT_PRODUCTS_DIR)/give me some money.app/give me some money";
				FRAMEWORK_SEARCH_PATHS = (
					"$(SDKROOT)/Developer/Library/Frameworks",
					"$(inherited)",
					"$(DEVELOPER_FRAMEWORKS_DIR)",
				);
				GCC_PRECOMPILE_PREFIX_HEADER = YES;
				GCC_PREFIX_HEADER = "give me some money/give me some money-Prefix.pch";
				INFOPLIST_FILE = "give me some moneyTests/give me some moneyTests-Info.plist";
				PRODUCT_NAME = "$(TARGET_NAME)";
				TEST_HOST = "$(BUNDLE_LOADER)";
				WRAPPER_EXTENSION = xctest;
			};
			name = Release;
		};
/* End XCBuildConfiguration section */

/* Begin XCConfigurationList section */
		4335BA2418DAC91B00F13BA9 /* Build configuration list for PBXProject "give me some money" */ = {
			isa = XCConfigurationList;
			buildConfigurations = (
				4335BA5C18DAC91C00F13BA9 /* Debug */,
				4335BA5D18DAC91C00F13BA9 /* Release */,
			);
			defaultConfigurationIsVisible = 0;
			defaultConfigurationName = Release;
		};
		4335BA5E18DAC91C00F13BA9 /* Build configuration list for PBXNativeTarget "give me some money" */ = {
			isa = XCConfigurationList;
			buildConfigurations = (
				4335BA5F18DAC91C00F13BA9 /* Debug */,
				4335BA6018DAC91C00F13BA9 /* Release */,
			);
			defaultConfigurationIsVisible = 0;
			defaultConfigurationName = Release;
		};
		4335BA6118DAC91C00F13BA9 /* Build configuration list for PBXNativeTarget "give me some moneyTests" */ = {
			isa = XCConfigurationList;
			buildConfigurations = (
				4335BA6218DAC91C00F13BA9 /* Debug */,
				4335BA6318DAC91C00F13BA9 /* Release */,
			);
			defaultConfigurationIsVisible = 0;
			defaultConfigurationName = Release;
		};
/* End XCConfigurationList section */
	};
	rootObject = 4335BA2118DAC91B00F13BA9 /* Project object */;
}
